
Microsoft Visual Studio Solution File, Format Version 12.00
# Visual Studio 2013
VisualStudioVersion = 12.0.31101.0
MinimumVisualStudioVersion = 10.0.40219.1
Project("{FAE04EC0-301F-11D3-BF4B-00C04F79EFBC}") = "Edutor.Mobile", "Edutor.Mobile\Edutor.Mobile\Edutor.Mobile.csproj", "{285DB6C0-00C8-4A18-BED6-68BCE2AF2138}"
EndProject
Project("{FAE04EC0-301F-11D3-BF4B-00C04F79EFBC}") = "Edutor.Mobile.iOS", "Edutor.Mobile\Edutor.Mobile.iOS\Edutor.Mobile.iOS.csproj", "{C7D8E689-1F55-48D2-816A-5BA1A817FFD4}"
EndProject
Project("{FAE04EC0-301F-11D3-BF4B-00C04F79EFBC}") = "Edutor.Mobile.Droid", "Edutor.Mobile\Edutor.Mobile.Droid\Edutor.Mobile.Droid.csproj", "{C3BBB56B-28C0-457E-BC58-620BB520E220}"
EndProject
Global
	GlobalSection(SolutionConfigurationPlatforms) = preSolution
		Ad-Hoc|Any CPU = Ad-Hoc|Any CPU
		Ad-Hoc|iPhone = Ad-Hoc|iPhone
		Ad-Hoc|iPhoneSimulator = Ad-Hoc|iPhoneSimulator
		Ad-Hoc|Mixed Platforms = Ad-Hoc|Mixed Platforms
		AppStore|Any CPU = AppStore|Any CPU
		AppStore|iPhone = AppStore|iPhone
		AppStore|iPhoneSimulator = AppStore|iPhoneSimulator
		AppStore|Mixed Platforms = AppStore|Mixed Platforms
		Debug|Any CPU = Debug|Any CPU
		Debug|iPhone = Debug|iPhone
		Debug|iPhoneSimulator = Debug|iPhoneSimulator
		Debug|Mixed Platforms = Debug|Mixed Platforms
		Release|Any CPU = Release|Any CPU
		Release|iPhone = Release|iPhone
		Release|iPhoneSimulator = Release|iPhoneSimulator
		Release|Mixed Platforms = Release|Mixed Platforms
	EndGlobalSection
	GlobalSection(ProjectConfigurationPlatforms) = postSolution
		{285DB6C0-00C8-4A18-BED6-68BCE2AF2138}.Ad-Hoc|Any CPU.ActiveCfg = Release|Any CPU
		{285DB6C0-00C8-4A18-BED6-68BCE2AF2138}.Ad-Hoc|Any CPU.Build.0 = Release|Any CPU
		{285DB6C0-00C8-4A18-BED6-68BCE2AF2138}.Ad-Hoc|iPhone.ActiveCfg = Release|Any CPU
		{285DB6C0-00C8-4A18-BED6-68BCE2AF2138}.Ad-Hoc|iPhoneSimulator.ActiveCfg = Release|Any CPU
		{285DB6C0-00C8-4A18-BED6-68BCE2AF2138}.Ad-Hoc|Mixed Platforms.ActiveCfg = Release|Any CPU
		{285DB6C0-00C8-4A18-BED6-68BCE2AF2138}.Ad-Hoc|Mixed Platforms.Build.0 = Release|Any CPU
		{285DB6C0-00C8-4A18-BED6-68BCE2AF2138}.AppStore|Any CPU.ActiveCfg = Release|Any CPU
		{285DB6C0-00C8-4A18-BED6-68BCE2AF2138}.AppStore|Any CPU.Build.0 = Release|Any CPU
		{285DB6C0-00C8-4A18-BED6-68BCE2AF2138}.AppStore|iPhone.ActiveCfg = Release|Any CPU
		{285DB6C0-00C8-4A18-BED6-68BCE2AF2138}.AppStore|iPhoneSimulator.ActiveCfg = Release|Any CPU
		{285DB6C0-00C8-4A18-BED6-68BCE2AF2138}.AppStore|Mixed Platforms.ActiveCfg = Release|Any CPU
		{285DB6C0-00C8-4A18-BED6-68BCE2AF2138}.AppStore|Mixed Platforms.Build.0 = Release|Any CPU
		{285DB6C0-00C8-4A18-BED6-68BCE2AF2138}.Debug|Any CPU.ActiveCfg = Debug|Any CPU
		{285DB6C0-00C8-4A18-BED6-68BCE2AF2138}.Debug|Any CPU.Build.0 = Debug|Any CPU
		{285DB6C0-00C8-4A18-BED6-68BCE2AF2138}.Debug|iPhone.ActiveCfg = Debug|Any CPU
		{285DB6C0-00C8-4A18-BED6-68BCE2AF2138}.Debug|iPhoneSimulator.ActiveCfg = Debug|Any CPU
		{285DB6C0-00C8-4A18-BED6-68BCE2AF2138}.Debug|Mixed Platforms.ActiveCfg = Debug|Any CPU
		{285DB6C0-00C8-4A18-BED6-68BCE2AF2138}.Debug|Mixed Platforms.Build.0 = Debug|Any CPU
		{285DB6C0-00C8-4A18-BED6-68BCE2AF2138}.Release|Any CPU.ActiveCfg = Release|Any CPU
		{285DB6C0-00C8-4A18-BED6-68BCE2AF2138}.Release|Any CPU.Build.0 = Release|Any CPU
		{285DB6C0-00C8-4A18-BED6-68BCE2AF2138}.Release|iPhone.ActiveCfg = Release|Any CPU
		{285DB6C0-00C8-4A18-BED6-68BCE2AF2138}.Release|iPhoneSimulator.ActiveCfg = Release|Any CPU
		{285DB6C0-00C8-4A18-BED6-68BCE2AF2138}.Release|Mixed Platforms.ActiveCfg = Release|Any CPU
		{285DB6C0-00C8-4A18-BED6-68BCE2AF2138}.Release|Mixed Platforms.Build.0 = Release|Any CPU
		{C7D8E689-1F55-48D2-816A-5BA1A817FFD4}.Ad-Hoc|Any CPU.ActiveCfg = Ad-Hoc|iPhone
		{C7D8E689-1F55-48D2-816A-5BA1A817FFD4}.Ad-Hoc|iPhone.ActiveCfg = Ad-Hoc|iPhone
		{C7D8E689-1F55-48D2-816A-5BA1A817FFD4}.Ad-Hoc|iPhone.Build.0 = Ad-Hoc|iPhone
		{C7D8E689-1F55-48D2-816A-5BA1A817FFD4}.Ad-Hoc|iPhoneSimulator.ActiveCfg = Ad-Hoc|iPhoneSimulator
		{C7D8E689-1F55-48D2-816A-5BA1A817FFD4}.Ad-Hoc|iPhoneSimulator.Build.0 = Ad-Hoc|iPhoneSimulator
		{C7D8E689-1F55-48D2-816A-5BA1A817FFD4}.Ad-Hoc|Mixed Platforms.ActiveCfg = Ad-Hoc|iPhone
		{C7D8E689-1F55-48D2-816A-5BA1A817FFD4}.Ad-Hoc|Mixed Platforms.Build.0 = Ad-Hoc|iPhone
		{C7D8E689-1F55-48D2-816A-5BA1A817FFD4}.AppStore|Any CPU.ActiveCfg = AppStore|iPhone
		{C7D8E689-1F55-48D2-816A-5BA1A817FFD4}.AppStore|iPhone.ActiveCfg = AppStore|iPhone
		{C7D8E689-1F55-48D2-816A-5BA1A817FFD4}.AppStore|iPhone.Build.0 = AppStore|iPhone
		{C7D8E689-1F55-48D2-816A-5BA1A817FFD4}.AppStore|iPhoneSimulator.ActiveCfg = AppStore|iPhoneSimulator
		{C7D8E689-1F55-48D2-816A-5BA1A817FFD4}.AppStore|iPhoneSimulator.Build.0 = AppStore|iPhoneSimulator
		{C7D8E689-1F55-48D2-816A-5BA1A817FFD4}.AppStore|Mixed Platforms.ActiveCfg = AppStore|iPhone
		{C7D8E689-1F55-48D2-816A-5BA1A817FFD4}.AppStore|Mixed Platforms.Build.0 = AppStore|iPhone
		{C7D8E689-1F55-48D2-816A-5BA1A817FFD4}.Debug|Any CPU.ActiveCfg = Debug|iPhone
		{C7D8E689-1F55-48D2-816A-5BA1A817FFD4}.Debug|iPhone.ActiveCfg = Debug|iPhone
		{C7D8E689-1F55-48D2-816A-5BA1A817FFD4}.Debug|iPhone.Build.0 = Debug|iPhone
		{C7D8E689-1F55-48D2-816A-5BA1A817FFD4}.Debug|iPhoneSimulator.ActiveCfg = Debug|iPhoneSimulator
		{C7D8E689-1F55-48D2-816A-5BA1A817FFD4}.Debug|iPhoneSimulator.Build.0 = Debug|iPhoneSimulator
		{C7D8E689-1F55-48D2-816A-5BA1A817FFD4}.Debug|Mixed Platforms.ActiveCfg = Debug|iPhone
		{C7D8E689-1F55-48D2-816A-5BA1A817FFD4}.Debug|Mixed Platforms.Build.0 = Debug|iPhone
		{C7D8E689-1F55-48D2-816A-5BA1A817FFD4}.Release|Any CPU.ActiveCfg = Release|iPhone
		{C7D8E689-1F55-48D2-816A-5BA1A817FFD4}.Release|iPhone.ActiveCfg = Release|iPhone
		{C7D8E689-1F55-48D2-816A-5BA1A817FFD4}.Release|iPhone.Build.0 = Release|iPhone
		{C7D8E689-1F55-48D2-816A-5BA1A817FFD4}.Release|iPhoneSimulator.ActiveCfg = Release|iPhoneSimulator
		{C7D8E689-1F55-48D2-816A-5BA1A817FFD4}.Release|iPhoneSimulator.Build.0 = Release|iPhoneSimulator
		{C7D8E689-1F55-48D2-816A-5BA1A817FFD4}.Release|Mixed Platforms.ActiveCfg = Release|iPhone
		{C7D8E689-1F55-48D2-816A-5BA1A817FFD4}.Release|Mixed Platforms.Build.0 = Release|iPhone
		{C3BBB56B-28C0-457E-BC58-620BB520E220}.Ad-Hoc|Any CPU.ActiveCfg = Release|Any CPU
		{C3BBB56B-28C0-457E-BC58-620BB520E220}.Ad-Hoc|Any CPU.Build.0 = Release|Any CPU
		{C3BBB56B-28C0-457E-BC58-620BB520E220}.Ad-Hoc|Any CPU.Deploy.0 = Release|Any CPU
		{C3BBB56B-28C0-457E-BC58-620BB520E220}.Ad-Hoc|iPhone.ActiveCfg = Release|Any CPU
		{C3BBB56B-28C0-457E-BC58-620BB520E220}.Ad-Hoc|iPhoneSimulator.ActiveCfg = Release|Any CPU
		{C3BBB56B-28C0-457E-BC58-620BB520E220}.Ad-Hoc|Mixed Platforms.ActiveCfg = Release|Any CPU
		{C3BBB56B-28C0-457E-BC58-620BB520E220}.Ad-Hoc|Mixed Platforms.Build.0 = Release|Any CPU
		{C3BBB56B-28C0-457E-BC58-620BB520E220}.Ad-Hoc|Mixed Platforms.Deploy.0 = Release|Any CPU
		{C3BBB56B-28C0-457E-BC58-620BB520E220}.AppStore|Any CPU.ActiveCfg = Release|Any CPU
		{C3BBB56B-28C0-457E-BC58-620BB520E220}.AppStore|Any CPU.Build.0 = Release|Any CPU
		{C3BBB56B-28C0-457E-BC58-620BB520E220}.AppStore|Any CPU.Deploy.0 = Release|Any CPU
		{C3BBB56B-28C0-457E-BC58-620BB520E220}.AppStore|iPhone.ActiveCfg = Release|Any CPU
		{C3BBB56B-28C0-457E-BC58-620BB520E220}.AppStore|iPhoneSimulator.ActiveCfg = Release|Any CPU
		{C3BBB56B-28C0-457E-BC58-620BB520E220}.AppStore|Mixed Platforms.ActiveCfg = Release|Any CPU
		{C3BBB56B-28C0-457E-BC58-620BB520E220}.AppStore|Mixed Platforms.Build.0 = Release|Any CPU
		{C3BBB56B-28C0-457E-BC58-620BB520E220}.AppStore|Mixed Platforms.Deploy.0 = Release|Any CPU
		{C3BBB56B-28C0-457E-BC58-620BB520E220}.Debug|Any CPU.ActiveCfg = Debug|Any CPU
		{C3BBB56B-28C0-457E-BC58-620BB520E220}.Debug|Any CPU.Build.0 = Debug|Any CPU
		{C3BBB56B-28C0-457E-BC58-620BB520E220}.Debug|Any CPU.Deploy.0 = Debug|Any CPU
		{C3BBB56B-28C0-457E-BC58-620BB520E220}.Debug|iPhone.ActiveCfg = Debug|Any CPU
		{C3BBB56B-28C0-457E-BC58-620BB520E220}.Debug|iPhoneSimulator.ActiveCfg = Debug|Any CPU
		{C3BBB56B-28C0-457E-BC58-620BB520E220}.Debug|Mixed Platforms.ActiveCfg = Debug|Any CPU
		{C3BBB56B-28C0-457E-BC58-620BB520E220}.Debug|Mixed Platforms.Build.0 = Debug|Any CPU
		{C3BBB56B-28C0-457E-BC58-620BB520E220}.Debug|Mixed Platforms.Deploy.0 = Debug|Any CPU
		{C3BBB56B-28C0-457E-BC58-620BB520E220}.Release|Any CPU.ActiveCfg = Release|Any CPU
		{C3BBB56B-28C0-457E-BC58-620BB520E220}.Release|Any CPU.Build.0 = Release|Any CPU
		{C3BBB56B-28C0-457E-BC58-620BB520E220}.Release|Any CPU.Deploy.0 = Release|Any CPU
		{C3BBB56B-28C0-457E-BC58-620BB520E220}.Release|iPhone.ActiveCfg = Release|Any CPU
		{C3BBB56B-28C0-457E-BC58-620BB520E220}.Release|iPhoneSimulator.ActiveCfg = Release|Any CPU
		{C3BBB56B-28C0-457E-BC58-620BB520E220}.Release|Mixed Platforms.ActiveCfg = Release|Any CPU
		{C3BBB56B-28C0-457E-BC58-620BB520E220}.Release|Mixed Platforms.Build.0 = Release|Any CPU
		{C3BBB56B-28C0-457E-BC58-620BB520E220}.Release|Mixed Platforms.Deploy.0 = Release|Any CPU
	EndGlobalSection
	GlobalSection(SolutionProperties) = preSolution
		HideSolutionNode = FALSE
	EndGlobalSection
EndGlobal
